
Microsoft Visual Studio Solution File, Format Version 12.00
# Visual Studio 15
VisualStudioVersion = 15.0.28307.271
MinimumVisualStudioVersion = 10.0.40219.1
Project("{FAE04EC0-301F-11D3-BF4B-00C04F79EFBC}") = "ShoppingCart", "ShoppingCart\ShoppingCart.csproj", "{4ABDB70C-07FE-4D7C-A655-F97952DB1727}"
EndProject
Project("{FAE04EC0-301F-11D3-BF4B-00C04F79EFBC}") = "ShoppingCartTest", "ShoppingCartTest\ShoppingCartTest.csproj", "{8CF3F2B7-613B-4ED0-9694-F92028A6DF24}"
EndProject
Global
	GlobalSection(SolutionConfigurationPlatforms) = preSolution
		Debug|Any CPU = Debug|Any CPU
		Release|Any CPU = Release|Any CPU
	EndGlobalSection
	GlobalSection(ProjectConfigurationPlatforms) = postSolution
		{4ABDB70C-07FE-4D7C-A655-F97952DB1727}.Debug|Any CPU.ActiveCfg = Debug|Any CPU
		{4ABDB70C-07FE-4D7C-A655-F97952DB1727}.Debug|Any CPU.Build.0 = Debug|Any CPU
		{4ABDB70C-07FE-4D7C-A655-F97952DB1727}.Release|Any CPU.ActiveCfg = Release|Any CPU
		{4ABDB70C-07FE-4D7C-A655-F97952DB1727}.Release|Any CPU.Build.0 = Release|Any CPU
		{8CF3F2B7-613B-4ED0-9694-F92028A6DF24}.Debug|Any CPU.ActiveCfg = Debug|Any CPU
		{8CF3F2B7-613B-4ED0-9694-F92028A6DF24}.Debug|Any CPU.Build.0 = Debug|Any CPU
		{8CF3F2B7-613B-4ED0-9694-F92028A6DF24}.Release|Any CPU.ActiveCfg = Release|Any CPU
		{8CF3F2B7-613B-4ED0-9694-F92028A6DF24}.Release|Any CPU.Build.0 = Release|Any CPU
	EndGlobalSection
	GlobalSection(SolutionProperties) = preSolution
		HideSolutionNode = FALSE
	EndGlobalSection
	GlobalSection(ExtensibilityGlobals) = postSolution
		SolutionGuid = {9E15A826-211C-4596-BA64-DB260FC4D0A0}
	EndGlobalSection
EndGlobal
